// !$*UTF8*$!
{
	archiveVersion = 1;
	classes = {
	};
	objectVersion = 55;
	objects = {

/* Begin PBXBuildFile section */
		EC548F012821AFED00B654DA /* ActiveChatsCell.swift in Sources */ = {isa = PBXBuildFile; fileRef = EC548F002821AFED00B654DA /* ActiveChatsCell.swift */; };
		EC61BD892820187A00278B65 /* ActiveChats.json in Resources */ = {isa = PBXBuildFile; fileRef = EC61BD872820187A00278B65 /* ActiveChats.json */; };
		EC61BD8A2820187A00278B65 /* WaitingChats.json in Resources */ = {isa = PBXBuildFile; fileRef = EC61BD882820187A00278B65 /* WaitingChats.json */; };
		EC61BD8C282018B200278B65 /* BundleDecodable.swift in Sources */ = {isa = PBXBuildFile; fileRef = EC61BD8B282018B200278B65 /* BundleDecodable.swift */; };
		EC6D2134281B125F00D8355F /* AppDelegate.swift in Sources */ = {isa = PBXBuildFile; fileRef = EC6D2133281B125F00D8355F /* AppDelegate.swift */; };
		EC6D2136281B125F00D8355F /* SceneDelegate.swift in Sources */ = {isa = PBXBuildFile; fileRef = EC6D2135281B125F00D8355F /* SceneDelegate.swift */; };
		EC6D2138281B125F00D8355F /* MainViewController.swift in Sources */ = {isa = PBXBuildFile; fileRef = EC6D2137281B125F00D8355F /* MainViewController.swift */; };
		EC6D213D281B126000D8355F /* Assets.xcassets in Resources */ = {isa = PBXBuildFile; fileRef = EC6D213C281B126000D8355F /* Assets.xcassets */; };
		EC6D2140281B126000D8355F /* LaunchScreen.storyboard in Resources */ = {isa = PBXBuildFile; fileRef = EC6D213E281B126000D8355F /* LaunchScreen.storyboard */; };
		EC6D214B281B164900D8355F /* SignUpViewController.swift in Sources */ = {isa = PBXBuildFile; fileRef = EC6D214A281B164900D8355F /* SignUpViewController.swift */; };
		EC6D2150281B1AF400D8355F /* SetupColor.swift in Sources */ = {isa = PBXBuildFile; fileRef = EC6D214F281B1AF400D8355F /* SetupColor.swift */; };
		EC6D2153281B1DBE00D8355F /* UILabel.swift in Sources */ = {isa = PBXBuildFile; fileRef = EC6D2152281B1DBE00D8355F /* UILabel.swift */; };
		EC6D2157281B21AD00D8355F /* Montserrat-Regular.ttf in Resources */ = {isa = PBXBuildFile; fileRef = EC6D2155281B21AD00D8355F /* Montserrat-Regular.ttf */; };
		EC6D2158281B21AD00D8355F /* Montserrat-Bold.ttf in Resources */ = {isa = PBXBuildFile; fileRef = EC6D2156281B21AD00D8355F /* Montserrat-Bold.ttf */; };
		EC6D215A281B248900D8355F /* UIStackView.swift in Sources */ = {isa = PBXBuildFile; fileRef = EC6D2159281B248900D8355F /* UIStackView.swift */; };
		EC6D215C281B262A00D8355F /* UIButton.swift in Sources */ = {isa = PBXBuildFile; fileRef = EC6D215B281B262A00D8355F /* UIButton.swift */; };
		EC6D215E281B2C2700D8355F /* Texts.swift in Sources */ = {isa = PBXBuildFile; fileRef = EC6D215D281B2C2700D8355F /* Texts.swift */; };
		EC6D2160281B2E1400D8355F /* LoginInViewController.swift in Sources */ = {isa = PBXBuildFile; fileRef = EC6D215F281B2E1400D8355F /* LoginInViewController.swift */; };
		EC6D2162281B31C800D8355F /* SetupFont.swift in Sources */ = {isa = PBXBuildFile; fileRef = EC6D2161281B31C800D8355F /* SetupFont.swift */; };
		EC817AB2281D91760058FB96 /* CustomTextField.swift in Sources */ = {isa = PBXBuildFile; fileRef = EC817AB1281D91760058FB96 /* CustomTextField.swift */; };
		ECA3F16628266ADE0001F892 /* WaitingChatsCell.swift in Sources */ = {isa = PBXBuildFile; fileRef = ECA3F16528266ADE0001F892 /* WaitingChatsCell.swift */; };
		ECA3F16A28266EE20001F892 /* ConfigurationCellProtocol.swift in Sources */ = {isa = PBXBuildFile; fileRef = ECA3F16928266EE20001F892 /* ConfigurationCellProtocol.swift */; };
		ECA3F16C282673920001F892 /* SectionHeader.swift in Sources */ = {isa = PBXBuildFile; fileRef = ECA3F16B282673920001F892 /* SectionHeader.swift */; };
		ECFF9E3C281E944C002AD2A4 /* SetupProfileViewController.swift in Sources */ = {isa = PBXBuildFile; fileRef = ECFF9E3B281E944C002AD2A4 /* SetupProfileViewController.swift */; };
		ECFF9E40281E9643002AD2A4 /* AddPhotoView.swift in Sources */ = {isa = PBXBuildFile; fileRef = ECFF9E3F281E9643002AD2A4 /* AddPhotoView.swift */; };
		ECFF9E42281EC8F2002AD2A4 /* MainTabBarController.swift in Sources */ = {isa = PBXBuildFile; fileRef = ECFF9E41281EC8F2002AD2A4 /* MainTabBarController.swift */; };
		ECFF9E44281ECA02002AD2A4 /* ChatsViewController.swift in Sources */ = {isa = PBXBuildFile; fileRef = ECFF9E43281ECA02002AD2A4 /* ChatsViewController.swift */; };
/* End PBXBuildFile section */

/* Begin PBXFileReference section */
		EC548F002821AFED00B654DA /* ActiveChatsCell.swift */ = {isa = PBXFileReference; lastKnownFileType = sourcecode.swift; path = ActiveChatsCell.swift; sourceTree = "<group>"; };
		EC61BD872820187A00278B65 /* ActiveChats.json */ = {isa = PBXFileReference; fileEncoding = 4; lastKnownFileType = text.json; path = ActiveChats.json; sourceTree = "<group>"; };
		EC61BD882820187A00278B65 /* WaitingChats.json */ = {isa = PBXFileReference; fileEncoding = 4; lastKnownFileType = text.json; path = WaitingChats.json; sourceTree = "<group>"; };
		EC61BD8B282018B200278B65 /* BundleDecodable.swift */ = {isa = PBXFileReference; fileEncoding = 4; lastKnownFileType = sourcecode.swift; path = BundleDecodable.swift; sourceTree = "<group>"; };
		EC6D2130281B125F00D8355F /* FriendlyMessenger.app */ = {isa = PBXFileReference; explicitFileType = wrapper.application; includeInIndex = 0; path = FriendlyMessenger.app; sourceTree = BUILT_PRODUCTS_DIR; };
		EC6D2133281B125F00D8355F /* AppDelegate.swift */ = {isa = PBXFileReference; lastKnownFileType = sourcecode.swift; path = AppDelegate.swift; sourceTree = "<group>"; };
		EC6D2135281B125F00D8355F /* SceneDelegate.swift */ = {isa = PBXFileReference; lastKnownFileType = sourcecode.swift; path = SceneDelegate.swift; sourceTree = "<group>"; };
		EC6D2137281B125F00D8355F /* MainViewController.swift */ = {isa = PBXFileReference; lastKnownFileType = sourcecode.swift; path = MainViewController.swift; sourceTree = "<group>"; };
		EC6D213C281B126000D8355F /* Assets.xcassets */ = {isa = PBXFileReference; lastKnownFileType = folder.assetcatalog; path = Assets.xcassets; sourceTree = "<group>"; };
		EC6D213F281B126000D8355F /* Base */ = {isa = PBXFileReference; lastKnownFileType = file.storyboard; name = Base; path = Base.lproj/LaunchScreen.storyboard; sourceTree = "<group>"; };
		EC6D2141281B126000D8355F /* Info.plist */ = {isa = PBXFileReference; lastKnownFileType = text.plist.xml; path = Info.plist; sourceTree = "<group>"; };
		EC6D214A281B164900D8355F /* SignUpViewController.swift */ = {isa = PBXFileReference; lastKnownFileType = sourcecode.swift; path = SignUpViewController.swift; sourceTree = "<group>"; };
		EC6D214F281B1AF400D8355F /* SetupColor.swift */ = {isa = PBXFileReference; lastKnownFileType = sourcecode.swift; path = SetupColor.swift; sourceTree = "<group>"; };
		EC6D2152281B1DBE00D8355F /* UILabel.swift */ = {isa = PBXFileReference; lastKnownFileType = sourcecode.swift; path = UILabel.swift; sourceTree = "<group>"; };
		EC6D2155281B21AD00D8355F /* Montserrat-Regular.ttf */ = {isa = PBXFileReference; lastKnownFileType = file; path = "Montserrat-Regular.ttf"; sourceTree = "<group>"; };
		EC6D2156281B21AD00D8355F /* Montserrat-Bold.ttf */ = {isa = PBXFileReference; lastKnownFileType = file; path = "Montserrat-Bold.ttf"; sourceTree = "<group>"; };
		EC6D2159281B248900D8355F /* UIStackView.swift */ = {isa = PBXFileReference; lastKnownFileType = sourcecode.swift; path = UIStackView.swift; sourceTree = "<group>"; };
		EC6D215B281B262A00D8355F /* UIButton.swift */ = {isa = PBXFileReference; lastKnownFileType = sourcecode.swift; path = UIButton.swift; sourceTree = "<group>"; };
		EC6D215D281B2C2700D8355F /* Texts.swift */ = {isa = PBXFileReference; lastKnownFileType = sourcecode.swift; path = Texts.swift; sourceTree = "<group>"; };
		EC6D215F281B2E1400D8355F /* LoginInViewController.swift */ = {isa = PBXFileReference; lastKnownFileType = sourcecode.swift; path = LoginInViewController.swift; sourceTree = "<group>"; };
		EC6D2161281B31C800D8355F /* SetupFont.swift */ = {isa = PBXFileReference; lastKnownFileType = sourcecode.swift; path = SetupFont.swift; sourceTree = "<group>"; };
		EC817AB1281D91760058FB96 /* CustomTextField.swift */ = {isa = PBXFileReference; lastKnownFileType = sourcecode.swift; path = CustomTextField.swift; sourceTree = "<group>"; };
		ECA3F16528266ADE0001F892 /* WaitingChatsCell.swift */ = {isa = PBXFileReference; lastKnownFileType = sourcecode.swift; path = WaitingChatsCell.swift; sourceTree = "<group>"; };
		ECA3F16928266EE20001F892 /* ConfigurationCellProtocol.swift */ = {isa = PBXFileReference; lastKnownFileType = sourcecode.swift; path = ConfigurationCellProtocol.swift; sourceTree = "<group>"; };
		ECA3F16B282673920001F892 /* SectionHeader.swift */ = {isa = PBXFileReference; lastKnownFileType = sourcecode.swift; path = SectionHeader.swift; sourceTree = "<group>"; };
		ECFF9E3B281E944C002AD2A4 /* SetupProfileViewController.swift */ = {isa = PBXFileReference; lastKnownFileType = sourcecode.swift; path = SetupProfileViewController.swift; sourceTree = "<group>"; };
		ECFF9E3F281E9643002AD2A4 /* AddPhotoView.swift */ = {isa = PBXFileReference; lastKnownFileType = sourcecode.swift; path = AddPhotoView.swift; sourceTree = "<group>"; };
		ECFF9E41281EC8F2002AD2A4 /* MainTabBarController.swift */ = {isa = PBXFileReference; lastKnownFileType = sourcecode.swift; path = MainTabBarController.swift; sourceTree = "<group>"; };
		ECFF9E43281ECA02002AD2A4 /* ChatsViewController.swift */ = {isa = PBXFileReference; lastKnownFileType = sourcecode.swift; path = ChatsViewController.swift; sourceTree = "<group>"; };
/* End PBXFileReference section */

/* Begin PBXFrameworksBuildPhase section */
		EC6D212D281B125F00D8355F /* Frameworks */ = {
			isa = PBXFrameworksBuildPhase;
			buildActionMask = 2147483647;
			files = (
			);
			runOnlyForDeploymentPostprocessing = 0;
		};
/* End PBXFrameworksBuildPhase section */

/* Begin PBXGroup section */
		EC548EFF2821AFDD00B654DA /* Cell */ = {
			isa = PBXGroup;
			children = (
				EC548F002821AFED00B654DA /* ActiveChatsCell.swift */,
				ECA3F16528266ADE0001F892 /* WaitingChatsCell.swift */,
			);
			path = Cell;
			sourceTree = "<group>";
		};
		EC61BD86282017D500278B65 /* JsonFile */ = {
			isa = PBXGroup;
			children = (
				EC61BD872820187A00278B65 /* ActiveChats.json */,
				EC61BD882820187A00278B65 /* WaitingChats.json */,
			);
			path = JsonFile;
			sourceTree = "<group>";
		};
		EC6D2127281B125F00D8355F = {
			isa = PBXGroup;
			children = (
				EC6D2132281B125F00D8355F /* FriendlyMessenger */,
				EC6D2131281B125F00D8355F /* Products */,
			);
			sourceTree = "<group>";
		};
		EC6D2131281B125F00D8355F /* Products */ = {
			isa = PBXGroup;
			children = (
				EC6D2130281B125F00D8355F /* FriendlyMessenger.app */,
			);
			name = Products;
			sourceTree = "<group>";
		};
		EC6D2132281B125F00D8355F /* FriendlyMessenger */ = {
			isa = PBXGroup;
			children = (
				EC6D2147281B150C00D8355F /* Application */,
				ECFF9E3E281E9624002AD2A4 /* View */,
				ECFF9E3D281E960D002AD2A4 /* Controllers */,
				EC6D214E281B1AC000D8355F /* Extensions */,
				ECA3F16728266EC50001F892 /* Protocols */,
				EC6D2149281B155500D8355F /* Resources */,
			);
			path = FriendlyMessenger;
			sourceTree = "<group>";
		};
		EC6D2147281B150C00D8355F /* Application */ = {
			isa = PBXGroup;
			children = (
				EC6D2133281B125F00D8355F /* AppDelegate.swift */,
				EC6D2135281B125F00D8355F /* SceneDelegate.swift */,
			);
			path = Application;
			sourceTree = "<group>";
		};
		EC6D2148281B151E00D8355F /* AuthorizationScreens */ = {
			isa = PBXGroup;
			children = (
				EC6D2137281B125F00D8355F /* MainViewController.swift */,
				EC6D214C281B192800D8355F /* LoginInScreen */,
				EC6D214D281B193200D8355F /* SignUpScreen */,
			);
			path = AuthorizationScreens;
			sourceTree = "<group>";
		};
		EC6D2149281B155500D8355F /* Resources */ = {
			isa = PBXGroup;
			children = (
				EC61BD86282017D500278B65 /* JsonFile */,
				EC6D2154281B218E00D8355F /* CustomFonts */,
				EC6D215D281B2C2700D8355F /* Texts.swift */,
				EC6D213C281B126000D8355F /* Assets.xcassets */,
				EC6D213E281B126000D8355F /* LaunchScreen.storyboard */,
				EC6D2141281B126000D8355F /* Info.plist */,
			);
			path = Resources;
			sourceTree = "<group>";
		};
		EC6D214C281B192800D8355F /* LoginInScreen */ = {
			isa = PBXGroup;
			children = (
				EC6D215F281B2E1400D8355F /* LoginInViewController.swift */,
			);
			path = LoginInScreen;
			sourceTree = "<group>";
		};
		EC6D214D281B193200D8355F /* SignUpScreen */ = {
			isa = PBXGroup;
			children = (
				EC6D214A281B164900D8355F /* SignUpViewController.swift */,
				ECFF9E3B281E944C002AD2A4 /* SetupProfileViewController.swift */,
			);
			path = SignUpScreen;
			sourceTree = "<group>";
		};
		EC6D214E281B1AC000D8355F /* Extensions */ = {
			isa = PBXGroup;
			children = (
				EC6D2151281B1D7800D8355F /* UIKit */,
				EC6D2163281B32A300D8355F /* Other */,
			);
			path = Extensions;
			sourceTree = "<group>";
		};
		EC6D2151281B1D7800D8355F /* UIKit */ = {
			isa = PBXGroup;
			children = (
				EC817AB0281D91600058FB96 /* Custom */,
				EC6D2152281B1DBE00D8355F /* UILabel.swift */,
				EC6D2159281B248900D8355F /* UIStackView.swift */,
				EC6D215B281B262A00D8355F /* UIButton.swift */,
			);
			path = UIKit;
			sourceTree = "<group>";
		};
		EC6D2154281B218E00D8355F /* CustomFonts */ = {
			isa = PBXGroup;
			children = (
				EC6D2156281B21AD00D8355F /* Montserrat-Bold.ttf */,
				EC6D2155281B21AD00D8355F /* Montserrat-Regular.ttf */,
			);
			path = CustomFonts;
			sourceTree = "<group>";
		};
		EC6D2163281B32A300D8355F /* Other */ = {
			isa = PBXGroup;
			children = (
				EC61BD8B282018B200278B65 /* BundleDecodable.swift */,
				EC6D214F281B1AF400D8355F /* SetupColor.swift */,
				EC6D2161281B31C800D8355F /* SetupFont.swift */,
			);
			path = Other;
			sourceTree = "<group>";
		};
		EC817AB0281D91600058FB96 /* Custom */ = {
			isa = PBXGroup;
			children = (
				EC817AB1281D91760058FB96 /* CustomTextField.swift */,
			);
			path = Custom;
			sourceTree = "<group>";
		};
		ECA3F16728266EC50001F892 /* Protocols */ = {
			isa = PBXGroup;
			children = (
				ECA3F16928266EE20001F892 /* ConfigurationCellProtocol.swift */,
			);
			path = Protocols;
			sourceTree = "<group>";
		};
		ECFF9E3D281E960D002AD2A4 /* Controllers */ = {
			isa = PBXGroup;
			children = (
				EC6D2148281B151E00D8355F /* AuthorizationScreens */,
				ECFF9E41281EC8F2002AD2A4 /* MainTabBarController.swift */,
				ECFF9E43281ECA02002AD2A4 /* ChatsViewController.swift */,
			);
			path = Controllers;
			sourceTree = "<group>";
		};
		ECFF9E3E281E9624002AD2A4 /* View */ = {
			isa = PBXGroup;
			children = (
				EC548EFF2821AFDD00B654DA /* Cell */,
				ECFF9E3F281E9643002AD2A4 /* AddPhotoView.swift */,
				ECA3F16B282673920001F892 /* SectionHeader.swift */,
			);
			path = View;
			sourceTree = "<group>";
		};
/* End PBXGroup section */

/* Begin PBXNativeTarget section */
		EC6D212F281B125F00D8355F /* FriendlyMessenger */ = {
			isa = PBXNativeTarget;
			buildConfigurationList = EC6D2144281B126000D8355F /* Build configuration list for PBXNativeTarget "FriendlyMessenger" */;
			buildPhases = (
				EC6D212C281B125F00D8355F /* Sources */,
				EC6D212D281B125F00D8355F /* Frameworks */,
				EC6D212E281B125F00D8355F /* Resources */,
			);
			buildRules = (
			);
			dependencies = (
			);
			name = FriendlyMessenger;
			productName = FriendlyMessenger;
			productReference = EC6D2130281B125F00D8355F /* FriendlyMessenger.app */;
			productType = "com.apple.product-type.application";
		};
/* End PBXNativeTarget section */

/* Begin PBXProject section */
		EC6D2128281B125F00D8355F /* Project object */ = {
			isa = PBXProject;
			attributes = {
				BuildIndependentTargetsInParallel = 1;
				LastSwiftUpdateCheck = 1330;
				LastUpgradeCheck = 1330;
				TargetAttributes = {
					EC6D212F281B125F00D8355F = {
						CreatedOnToolsVersion = 13.3.1;
					};
				};
			};
			buildConfigurationList = EC6D212B281B125F00D8355F /* Build configuration list for PBXProject "FriendlyMessenger" */;
			compatibilityVersion = "Xcode 13.0";
			developmentRegion = en;
			hasScannedForEncodings = 0;
			knownRegions = (
				en,
				Base,
			);
			mainGroup = EC6D2127281B125F00D8355F;
			productRefGroup = EC6D2131281B125F00D8355F /* Products */;
			projectDirPath = "";
			projectRoot = "";
			targets = (
				EC6D212F281B125F00D8355F /* FriendlyMessenger */,
			);
		};
/* End PBXProject section */

/* Begin PBXResourcesBuildPhase section */
		EC6D212E281B125F00D8355F /* Resources */ = {
			isa = PBXResourcesBuildPhase;
			buildActionMask = 2147483647;
			files = (
				EC61BD892820187A00278B65 /* ActiveChats.json in Resources */,
				EC6D2158281B21AD00D8355F /* Montserrat-Bold.ttf in Resources */,
				EC6D2157281B21AD00D8355F /* Montserrat-Regular.ttf in Resources */,
				EC61BD8A2820187A00278B65 /* WaitingChats.json in Resources */,
				EC6D2140281B126000D8355F /* LaunchScreen.storyboard in Resources */,
				EC6D213D281B126000D8355F /* Assets.xcassets in Resources */,
			);
			runOnlyForDeploymentPostprocessing = 0;
		};
/* End PBXResourcesBuildPhase section */

/* Begin PBXSourcesBuildPhase section */
		EC6D212C281B125F00D8355F /* Sources */ = {
			isa = PBXSourcesBuildPhase;
			buildActionMask = 2147483647;
			files = (
				ECA3F16628266ADE0001F892 /* WaitingChatsCell.swift in Sources */,
				EC6D2150281B1AF400D8355F /* SetupColor.swift in Sources */,
				EC6D2138281B125F00D8355F /* MainViewController.swift in Sources */,
				ECFF9E42281EC8F2002AD2A4 /* MainTabBarController.swift in Sources */,
				EC6D215A281B248900D8355F /* UIStackView.swift in Sources */,
				EC6D215E281B2C2700D8355F /* Texts.swift in Sources */,
				EC548F012821AFED00B654DA /* ActiveChatsCell.swift in Sources */,
				EC6D215C281B262A00D8355F /* UIButton.swift in Sources */,
				ECA3F16A28266EE20001F892 /* ConfigurationCellProtocol.swift in Sources */,
				EC61BD8C282018B200278B65 /* BundleDecodable.swift in Sources */,
				ECFF9E44281ECA02002AD2A4 /* ChatsViewController.swift in Sources */,
				EC6D2134281B125F00D8355F /* AppDelegate.swift in Sources */,
				EC6D2160281B2E1400D8355F /* LoginInViewController.swift in Sources */,
				EC6D214B281B164900D8355F /* SignUpViewController.swift in Sources */,
				ECFF9E3C281E944C002AD2A4 /* SetupProfileViewController.swift in Sources */,
				ECFF9E40281E9643002AD2A4 /* AddPhotoView.swift in Sources */,
				EC817AB2281D91760058FB96 /* CustomTextField.swift in Sources */,
				ECA3F16C282673920001F892 /* SectionHeader.swift in Sources */,
				EC6D2153281B1DBE00D8355F /* UILabel.swift in Sources */,
				EC6D2162281B31C800D8355F /* SetupFont.swift in Sources */,
				EC6D2136281B125F00D8355F /* SceneDelegate.swift in Sources */,
			);
			runOnlyForDeploymentPostprocessing = 0;
		};
/* End PBXSourcesBuildPhase section */

/* Begin PBXVariantGroup section */
		EC6D213E281B126000D8355F /* LaunchScreen.storyboard */ = {
			isa = PBXVariantGroup;
			children = (
				EC6D213F281B126000D8355F /* Base */,
			);
			name = LaunchScreen.storyboard;
			sourceTree = "<group>";
		};
/* End PBXVariantGroup section */

/* Begin XCBuildConfiguration section */
		EC6D2142281B126000D8355F /* Debug */ = {
			isa = XCBuildConfiguration;
			buildSettings = {
				ALWAYS_SEARCH_USER_PATHS = NO;
				CLANG_ANALYZER_NONNULL = YES;
				CLANG_ANALYZER_NUMBER_OBJECT_CONVERSION = YES_AGGRESSIVE;
				CLANG_CXX_LANGUAGE_STANDARD = "gnu++17";
				CLANG_ENABLE_MODULES = YES;
				CLANG_ENABLE_OBJC_ARC = YES;
				CLANG_ENABLE_OBJC_WEAK = YES;
				CLANG_WARN_BLOCK_CAPTURE_AUTORELEASING = YES;
				CLANG_WARN_BOOL_CONVERSION = YES;
				CLANG_WARN_COMMA = YES;
				CLANG_WARN_CONSTANT_CONVERSION = YES;
				CLANG_WARN_DEPRECATED_OBJC_IMPLEMENTATIONS = YES;
				CLANG_WARN_DIRECT_OBJC_ISA_USAGE = YES_ERROR;
				CLANG_WARN_DOCUMENTATION_COMMENTS = YES;
				CLANG_WARN_EMPTY_BODY = YES;
				CLANG_WARN_ENUM_CONVERSION = YES;
				CLANG_WARN_INFINITE_RECURSION = YES;
				CLANG_WARN_INT_CONVERSION = YES;
				CLANG_WARN_NON_LITERAL_NULL_CONVERSION = YES;
				CLANG_WARN_OBJC_IMPLICIT_RETAIN_SELF = YES;
				CLANG_WARN_OBJC_LITERAL_CONVERSION = YES;
				CLANG_WARN_OBJC_ROOT_CLASS = YES_ERROR;
				CLANG_WARN_QUOTED_INCLUDE_IN_FRAMEWORK_HEADER = YES;
				CLANG_WARN_RANGE_LOOP_ANALYSIS = YES;
				CLANG_WARN_STRICT_PROTOTYPES = YES;
				CLANG_WARN_SUSPICIOUS_MOVE = YES;
				CLANG_WARN_UNGUARDED_AVAILABILITY = YES_AGGRESSIVE;
				CLANG_WARN_UNREACHABLE_CODE = YES;
				CLANG_WARN__DUPLICATE_METHOD_MATCH = YES;
				COPY_PHASE_STRIP = NO;
				DEBUG_INFORMATION_FORMAT = dwarf;
				ENABLE_STRICT_OBJC_MSGSEND = YES;
				ENABLE_TESTABILITY = YES;
				GCC_C_LANGUAGE_STANDARD = gnu11;
				GCC_DYNAMIC_NO_PIC = NO;
				GCC_NO_COMMON_BLOCKS = YES;
				GCC_OPTIMIZATION_LEVEL = 0;
				GCC_PREPROCESSOR_DEFINITIONS = (
					"DEBUG=1",
					"$(inherited)",
				);
				GCC_WARN_64_TO_32_BIT_CONVERSION = YES;
				GCC_WARN_ABOUT_RETURN_TYPE = YES_ERROR;
				GCC_WARN_UNDECLARED_SELECTOR = YES;
				GCC_WARN_UNINITIALIZED_AUTOS = YES_AGGRESSIVE;
				GCC_WARN_UNUSED_FUNCTION = YES;
				GCC_WARN_UNUSED_VARIABLE = YES;
				IPHONEOS_DEPLOYMENT_TARGET = 15.4;
				MTL_ENABLE_DEBUG_INFO = INCLUDE_SOURCE;
				MTL_FAST_MATH = YES;
				ONLY_ACTIVE_ARCH = YES;
				SDKROOT = iphoneos;
				SWIFT_ACTIVE_COMPILATION_CONDITIONS = DEBUG;
				SWIFT_OPTIMIZATION_LEVEL = "-Onone";
			};
			name = Debug;
		};
		EC6D2143281B126000D8355F /* Release */ = {
			isa = XCBuildConfiguration;
			buildSettings = {
				ALWAYS_SEARCH_USER_PATHS = NO;
				CLANG_ANALYZER_NONNULL = YES;
				CLANG_ANALYZER_NUMBER_OBJECT_CONVERSION = YES_AGGRESSIVE;
				CLANG_CXX_LANGUAGE_STANDARD = "gnu++17";
				CLANG_ENABLE_MODULES = YES;
				CLANG_ENABLE_OBJC_ARC = YES;
				CLANG_ENABLE_OBJC_WEAK = YES;
				CLANG_WARN_BLOCK_CAPTURE_AUTORELEASING = YES;
				CLANG_WARN_BOOL_CONVERSION = YES;
				CLANG_WARN_COMMA = YES;
				CLANG_WARN_CONSTANT_CONVERSION = YES;
				CLANG_WARN_DEPRECATED_OBJC_IMPLEMENTATIONS = YES;
				CLANG_WARN_DIRECT_OBJC_ISA_USAGE = YES_ERROR;
				CLANG_WARN_DOCUMENTATION_COMMENTS = YES;
				CLANG_WARN_EMPTY_BODY = YES;
				CLANG_WARN_ENUM_CONVERSION = YES;
				CLANG_WARN_INFINITE_RECURSION = YES;
				CLANG_WARN_INT_CONVERSION = YES;
				CLANG_WARN_NON_LITERAL_NULL_CONVERSION = YES;
				CLANG_WARN_OBJC_IMPLICIT_RETAIN_SELF = YES;
				CLANG_WARN_OBJC_LITERAL_CONVERSION = YES;
				CLANG_WARN_OBJC_ROOT_CLASS = YES_ERROR;
				CLANG_WARN_QUOTED_INCLUDE_IN_FRAMEWORK_HEADER = YES;
				CLANG_WARN_RANGE_LOOP_ANALYSIS = YES;
				CLANG_WARN_STRICT_PROTOTYPES = YES;
				CLANG_WARN_SUSPICIOUS_MOVE = YES;
				CLANG_WARN_UNGUARDED_AVAILABILITY = YES_AGGRESSIVE;
				CLANG_WARN_UNREACHABLE_CODE = YES;
				CLANG_WARN__DUPLICATE_METHOD_MATCH = YES;
				COPY_PHASE_STRIP = NO;
				DEBUG_INFORMATION_FORMAT = "dwarf-with-dsym";
				ENABLE_NS_ASSERTIONS = NO;
				ENABLE_STRICT_OBJC_MSGSEND = YES;
				GCC_C_LANGUAGE_STANDARD = gnu11;
				GCC_NO_COMMON_BLOCKS = YES;
				GCC_WARN_64_TO_32_BIT_CONVERSION = YES;
				GCC_WARN_ABOUT_RETURN_TYPE = YES_ERROR;
				GCC_WARN_UNDECLARED_SELECTOR = YES;
				GCC_WARN_UNINITIALIZED_AUTOS = YES_AGGRESSIVE;
				GCC_WARN_UNUSED_FUNCTION = YES;
				GCC_WARN_UNUSED_VARIABLE = YES;
				IPHONEOS_DEPLOYMENT_TARGET = 15.4;
				MTL_ENABLE_DEBUG_INFO = NO;
				MTL_FAST_MATH = YES;
				SDKROOT = iphoneos;
				SWIFT_COMPILATION_MODE = wholemodule;
				SWIFT_OPTIMIZATION_LEVEL = "-O";
				VALIDATE_PRODUCT = YES;
			};
			name = Release;
		};
		EC6D2145281B126000D8355F /* Debug */ = {
			isa = XCBuildConfiguration;
			buildSettings = {
				ASSETCATALOG_COMPILER_APPICON_NAME = AppIcon;
				ASSETCATALOG_COMPILER_GLOBAL_ACCENT_COLOR_NAME = AccentColor;
				CODE_SIGN_STYLE = Automatic;
				CURRENT_PROJECT_VERSION = 1;
				DEVELOPMENT_TEAM = XH6VKLGZNV;
				GENERATE_INFOPLIST_FILE = YES;
				INFOPLIST_FILE = FriendlyMessenger/Resources/Info.plist;
				INFOPLIST_KEY_UIApplicationSupportsIndirectInputEvents = YES;
				INFOPLIST_KEY_UILaunchStoryboardName = LaunchScreen;
				INFOPLIST_KEY_UISupportedInterfaceOrientations = UIInterfaceOrientationPortrait;
				INFOPLIST_KEY_UISupportedInterfaceOrientations_iPad = "UIInterfaceOrientationPortrait UIInterfaceOrientationPortraitUpsideDown UIInterfaceOrientationLandscapeLeft UIInterfaceOrientationLandscapeRight";
				INFOPLIST_KEY_UISupportedInterfaceOrientations_iPhone = "UIInterfaceOrientationPortrait UIInterfaceOrientationLandscapeLeft UIInterfaceOrientationLandscapeRight";
				LD_RUNPATH_SEARCH_PATHS = (
					"$(inherited)",
					"@executable_path/Frameworks",
				);
				MARKETING_VERSION = 1.0;
				PRODUCT_BUNDLE_IDENTIFIER = com.maksimbotalov.FriendlyMessenger;
				PRODUCT_NAME = "$(TARGET_NAME)";
				SWIFT_EMIT_LOC_STRINGS = YES;
				SWIFT_VERSION = 5.0;
				TARGETED_DEVICE_FAMILY = 1;
			};
			name = Debug;
		};
		EC6D2146281B126000D8355F /* Release */ = {
			isa = XCBuildConfiguration;
			buildSettings = {
				ASSETCATALOG_COMPILER_APPICON_NAME = AppIcon;
				ASSETCATALOG_COMPILER_GLOBAL_ACCENT_COLOR_NAME = AccentColor;
				CODE_SIGN_STYLE = Automatic;
				CURRENT_PROJECT_VERSION = 1;
				DEVELOPMENT_TEAM = XH6VKLGZNV;
				GENERATE_INFOPLIST_FILE = YES;
				INFOPLIST_FILE = FriendlyMessenger/Resources/Info.plist;
				INFOPLIST_KEY_UIApplicationSupportsIndirectInputEvents = YES;
				INFOPLIST_KEY_UILaunchStoryboardName = LaunchScreen;
				INFOPLIST_KEY_UISupportedInterfaceOrientations = UIInterfaceOrientationPortrait;
				INFOPLIST_KEY_UISupportedInterfaceOrientations_iPad = "UIInterfaceOrientationPortrait UIInterfaceOrientationPortraitUpsideDown UIInterfaceOrientationLandscapeLeft UIInterfaceOrientationLandscapeRight";
				INFOPLIST_KEY_UISupportedInterfaceOrientations_iPhone = "UIInterfaceOrientationPortrait UIInterfaceOrientationLandscapeLeft UIInterfaceOrientationLandscapeRight";
				LD_RUNPATH_SEARCH_PATHS = (
					"$(inherited)",
					"@executable_path/Frameworks",
				);
				MARKETING_VERSION = 1.0;
				PRODUCT_BUNDLE_IDENTIFIER = com.maksimbotalov.FriendlyMessenger;
				PRODUCT_NAME = "$(TARGET_NAME)";
				SWIFT_EMIT_LOC_STRINGS = YES;
				SWIFT_VERSION = 5.0;
				TARGETED_DEVICE_FAMILY = 1;
			};
			name = Release;
		};
/* End XCBuildConfiguration section */

/* Begin XCConfigurationList section */
		EC6D212B281B125F00D8355F /* Build configuration list for PBXProject "FriendlyMessenger" */ = {
			isa = XCConfigurationList;
			buildConfigurations = (
				EC6D2142281B126000D8355F /* Debug */,
				EC6D2143281B126000D8355F /* Release */,
			);
			defaultConfigurationIsVisible = 0;
			defaultConfigurationName = Release;
		};
		EC6D2144281B126000D8355F /* Build configuration list for PBXNativeTarget "FriendlyMessenger" */ = {
			isa = XCConfigurationList;
			buildConfigurations = (
				EC6D2145281B126000D8355F /* Debug */,
				EC6D2146281B126000D8355F /* Release */,
			);
			defaultConfigurationIsVisible = 0;
			defaultConfigurationName = Release;
		};
/* End XCConfigurationList section */
	};
	rootObject = EC6D2128281B125F00D8355F /* Project object */;
}
